
Microsoft Visual Studio Solution File, Format Version 12.00
# Visual Studio Version 17
VisualStudioVersion = 17.8.34330.188
MinimumVisualStudioVersion = 10.0.40219.1
Project("{FAE04EC0-301F-11D3-BF4B-00C04F79EFBC}") = "ataletmakinesonn", "ataletmakinesonn.csproj", "{74171B51-BD49-4E61-BD43-F318A9136417}"
EndProject
Global
	GlobalSection(SolutionConfigurationPlatforms) = preSolution
		Debug|Any CPU = Debug|Any CPU
		Release|Any CPU = Release|Any CPU
	EndGlobalSection
	GlobalSection(ProjectConfigurationPlatforms) = postSolution
		{74171B51-BD49-4E61-BD43-F318A9136417}.Debug|Any CPU.ActiveCfg = Debug|Any CPU
		{74171B51-BD49-4E61-BD43-F318A9136417}.Debug|Any CPU.Build.0 = Debug|Any CPU
		{74171B51-BD49-4E61-BD43-F318A9136417}.Release|Any CPU.ActiveCfg = Release|Any CPU
		{74171B51-BD49-4E61-BD43-F318A9136417}.Release|Any CPU.Build.0 = Release|Any CPU
	EndGlobalSection
	GlobalSection(SolutionProperties) = preSolution
		HideSolutionNode = FALSE
	EndGlobalSection
	GlobalSection(ExtensibilityGlobals) = postSolution
		SolutionGuid = {84136B51-2344-47D0-B579-F5ABC643C010}
	EndGlobalSection
EndGlobal
